// !$*UTF8*$!
{
	archiveVersion = 1;
	classes = {
	};
	objectVersion = 50;
	objects = {

/* Begin PBXBuildFile section */
		2E1FE91323A3BB3900C1EC60 /* PokemonViewController.swift in Sources */ = {isa = PBXBuildFile; fileRef = 2E1FE91223A3BB3900C1EC60 /* PokemonViewController.swift */; };
		2E1FE91523A3BC3300C1EC60 /* PokemonTableViewCell.swift in Sources */ = {isa = PBXBuildFile; fileRef = 2E1FE91423A3BC3300C1EC60 /* PokemonTableViewCell.swift */; };
		2E1FE91723A3C04E00C1EC60 /* PokemonModel.swift in Sources */ = {isa = PBXBuildFile; fileRef = 2E1FE91623A3C04E00C1EC60 /* PokemonModel.swift */; };
		2E1FE91923A3D6E300C1EC60 /* PokemonAPI.swift in Sources */ = {isa = PBXBuildFile; fileRef = 2E1FE91823A3D6E300C1EC60 /* PokemonAPI.swift */; };
		2E1FE91D23A4337600C1EC60 /* DetailViewController.swift in Sources */ = {isa = PBXBuildFile; fileRef = 2E1FE91C23A4337600C1EC60 /* DetailViewController.swift */; };
		2E8155C4239FF36F003F2126 /* UIImageView+extension.swift in Sources */ = {isa = PBXBuildFile; fileRef = 2E8155C3239FF36F003F2126 /* UIImageView+extension.swift */; };
		2E8BD149239EDCDC00B8F7F3 /* AppDelegate.swift in Sources */ = {isa = PBXBuildFile; fileRef = 2E8BD148239EDCDC00B8F7F3 /* AppDelegate.swift */; };
		2E8BD14B239EDCDC00B8F7F3 /* SceneDelegate.swift in Sources */ = {isa = PBXBuildFile; fileRef = 2E8BD14A239EDCDC00B8F7F3 /* SceneDelegate.swift */; };
		2E8BD14D239EDCDC00B8F7F3 /* ViewController.swift in Sources */ = {isa = PBXBuildFile; fileRef = 2E8BD14C239EDCDC00B8F7F3 /* ViewController.swift */; };
		2E8BD150239EDCDC00B8F7F3 /* Main.storyboard in Resources */ = {isa = PBXBuildFile; fileRef = 2E8BD14E239EDCDC00B8F7F3 /* Main.storyboard */; };
		2E8BD152239EDCDE00B8F7F3 /* Assets.xcassets in Resources */ = {isa = PBXBuildFile; fileRef = 2E8BD151239EDCDE00B8F7F3 /* Assets.xcassets */; };
		2E8BD155239EDCDE00B8F7F3 /* LaunchScreen.storyboard in Resources */ = {isa = PBXBuildFile; fileRef = 2E8BD153239EDCDE00B8F7F3 /* LaunchScreen.storyboard */; };
		2E8BD160239EDCDE00B8F7F3 /* ImagesLabTests.swift in Sources */ = {isa = PBXBuildFile; fileRef = 2E8BD15F239EDCDE00B8F7F3 /* ImagesLabTests.swift */; };
		2EBC0B3323A0470800F357A8 /* ComicAPI.swift in Sources */ = {isa = PBXBuildFile; fileRef = 2EBC0B3223A0470800F357A8 /* ComicAPI.swift */; };
		2EBC0B3523A0484F00F357A8 /* ComicModel.swift in Sources */ = {isa = PBXBuildFile; fileRef = 2EBC0B3423A0484F00F357A8 /* ComicModel.swift */; };
		2EBC0B3723A04FE700F357A8 /* ComicNumberFile.swift in Sources */ = {isa = PBXBuildFile; fileRef = 2EBC0B3623A04FE700F357A8 /* ComicNumberFile.swift */; };
		2ECA8043239FEFCC0039F331 /* NetworkHelper.swift in Sources */ = {isa = PBXBuildFile; fileRef = 2ECA8042239FEFCC0039F331 /* NetworkHelper.swift */; };
		2ECA8045239FF0090039F331 /* AppError.swift in Sources */ = {isa = PBXBuildFile; fileRef = 2ECA8044239FF0090039F331 /* AppError.swift */; };
		2EE4C35823A2E80200F45912 /* ViewController + extension.swift in Sources */ = {isa = PBXBuildFile; fileRef = 2EE4C35723A2E80200F45912 /* ViewController + extension.swift */; };
/* End PBXBuildFile section */

/* Begin PBXContainerItemProxy section */
		2E8BD15C239EDCDE00B8F7F3 /* PBXContainerItemProxy */ = {
			isa = PBXContainerItemProxy;
			containerPortal = 2E8BD13D239EDCDC00B8F7F3 /* Project object */;
			proxyType = 1;
			remoteGlobalIDString = 2E8BD144239EDCDC00B8F7F3;
			remoteInfo = ImagesLab;
		};
/* End PBXContainerItemProxy section */

/* Begin PBXFileReference section */
		2E1FE91223A3BB3900C1EC60 /* PokemonViewController.swift */ = {isa = PBXFileReference; lastKnownFileType = sourcecode.swift; path = PokemonViewController.swift; sourceTree = "<group>"; };
		2E1FE91423A3BC3300C1EC60 /* PokemonTableViewCell.swift */ = {isa = PBXFileReference; lastKnownFileType = sourcecode.swift; path = PokemonTableViewCell.swift; sourceTree = "<group>"; };
		2E1FE91623A3C04E00C1EC60 /* PokemonModel.swift */ = {isa = PBXFileReference; lastKnownFileType = sourcecode.swift; path = PokemonModel.swift; sourceTree = "<group>"; };
		2E1FE91823A3D6E300C1EC60 /* PokemonAPI.swift */ = {isa = PBXFileReference; lastKnownFileType = sourcecode.swift; path = PokemonAPI.swift; sourceTree = "<group>"; };
		2E1FE91C23A4337600C1EC60 /* DetailViewController.swift */ = {isa = PBXFileReference; lastKnownFileType = sourcecode.swift; path = DetailViewController.swift; sourceTree = "<group>"; };
		2E8155C3239FF36F003F2126 /* UIImageView+extension.swift */ = {isa = PBXFileReference; lastKnownFileType = sourcecode.swift; path = "UIImageView+extension.swift"; sourceTree = "<group>"; };
		2E8BD145239EDCDC00B8F7F3 /* ImagesLab.app */ = {isa = PBXFileReference; explicitFileType = wrapper.application; includeInIndex = 0; path = ImagesLab.app; sourceTree = BUILT_PRODUCTS_DIR; };
		2E8BD148239EDCDC00B8F7F3 /* AppDelegate.swift */ = {isa = PBXFileReference; lastKnownFileType = sourcecode.swift; path = AppDelegate.swift; sourceTree = "<group>"; };
		2E8BD14A239EDCDC00B8F7F3 /* SceneDelegate.swift */ = {isa = PBXFileReference; lastKnownFileType = sourcecode.swift; path = SceneDelegate.swift; sourceTree = "<group>"; };
		2E8BD14C239EDCDC00B8F7F3 /* ViewController.swift */ = {isa = PBXFileReference; lastKnownFileType = sourcecode.swift; path = ViewController.swift; sourceTree = "<group>"; };
		2E8BD14F239EDCDC00B8F7F3 /* Base */ = {isa = PBXFileReference; lastKnownFileType = file.storyboard; name = Base; path = Base.lproj/Main.storyboard; sourceTree = "<group>"; };
		2E8BD151239EDCDE00B8F7F3 /* Assets.xcassets */ = {isa = PBXFileReference; lastKnownFileType = folder.assetcatalog; path = Assets.xcassets; sourceTree = "<group>"; };
		2E8BD154239EDCDE00B8F7F3 /* Base */ = {isa = PBXFileReference; lastKnownFileType = file.storyboard; name = Base; path = Base.lproj/LaunchScreen.storyboard; sourceTree = "<group>"; };
		2E8BD156239EDCDE00B8F7F3 /* Info.plist */ = {isa = PBXFileReference; lastKnownFileType = text.plist.xml; path = Info.plist; sourceTree = "<group>"; };
		2E8BD15B239EDCDE00B8F7F3 /* ImagesLabTests.xctest */ = {isa = PBXFileReference; explicitFileType = wrapper.cfbundle; includeInIndex = 0; path = ImagesLabTests.xctest; sourceTree = BUILT_PRODUCTS_DIR; };
		2E8BD15F239EDCDE00B8F7F3 /* ImagesLabTests.swift */ = {isa = PBXFileReference; lastKnownFileType = sourcecode.swift; path = ImagesLabTests.swift; sourceTree = "<group>"; };
		2E8BD161239EDCDE00B8F7F3 /* Info.plist */ = {isa = PBXFileReference; lastKnownFileType = text.plist.xml; path = Info.plist; sourceTree = "<group>"; };
		2EBC0B3223A0470800F357A8 /* ComicAPI.swift */ = {isa = PBXFileReference; lastKnownFileType = sourcecode.swift; path = ComicAPI.swift; sourceTree = "<group>"; };
		2EBC0B3423A0484F00F357A8 /* ComicModel.swift */ = {isa = PBXFileReference; lastKnownFileType = sourcecode.swift; path = ComicModel.swift; sourceTree = "<group>"; };
		2EBC0B3623A04FE700F357A8 /* ComicNumberFile.swift */ = {isa = PBXFileReference; lastKnownFileType = sourcecode.swift; path = ComicNumberFile.swift; sourceTree = "<group>"; };
		2ECA8042239FEFCC0039F331 /* NetworkHelper.swift */ = {isa = PBXFileReference; lastKnownFileType = sourcecode.swift; path = NetworkHelper.swift; sourceTree = "<group>"; };
		2ECA8044239FF0090039F331 /* AppError.swift */ = {isa = PBXFileReference; lastKnownFileType = sourcecode.swift; path = AppError.swift; sourceTree = "<group>"; };
		2EE4C35723A2E80200F45912 /* ViewController + extension.swift */ = {isa = PBXFileReference; lastKnownFileType = sourcecode.swift; path = "ViewController + extension.swift"; sourceTree = "<group>"; };
/* End PBXFileReference section */

/* Begin PBXFrameworksBuildPhase section */
		2E8BD142239EDCDC00B8F7F3 /* Frameworks */ = {
			isa = PBXFrameworksBuildPhase;
			buildActionMask = 2147483647;
			files = (
			);
			runOnlyForDeploymentPostprocessing = 0;
		};
		2E8BD158239EDCDE00B8F7F3 /* Frameworks */ = {
			isa = PBXFrameworksBuildPhase;
			buildActionMask = 2147483647;
			files = (
			);
			runOnlyForDeploymentPostprocessing = 0;
		};
/* End PBXFrameworksBuildPhase section */

/* Begin PBXGroup section */
		2E8BD13C239EDCDC00B8F7F3 = {
			isa = PBXGroup;
			children = (
				2E8BD147239EDCDC00B8F7F3 /* ImagesLab */,
				2E8BD15E239EDCDE00B8F7F3 /* ImagesLabTests */,
				2E8BD146239EDCDC00B8F7F3 /* Products */,
			);
			sourceTree = "<group>";
		};
		2E8BD146239EDCDC00B8F7F3 /* Products */ = {
			isa = PBXGroup;
			children = (
				2E8BD145239EDCDC00B8F7F3 /* ImagesLab.app */,
				2E8BD15B239EDCDE00B8F7F3 /* ImagesLabTests.xctest */,
			);
			name = Products;
			sourceTree = "<group>";
		};
		2E8BD147239EDCDC00B8F7F3 /* ImagesLab */ = {
			isa = PBXGroup;
			children = (
				2ECA8044239FF0090039F331 /* AppError.swift */,
				2ECA8042239FEFCC0039F331 /* NetworkHelper.swift */,
				2EE4C35723A2E80200F45912 /* ViewController + extension.swift */,
				2E8155C3239FF36F003F2126 /* UIImageView+extension.swift */,
				2EBC0B3223A0470800F357A8 /* ComicAPI.swift */,
				2E8BD14C239EDCDC00B8F7F3 /* ViewController.swift */,
				2EBC0B3623A04FE700F357A8 /* ComicNumberFile.swift */,
				2EBC0B3423A0484F00F357A8 /* ComicModel.swift */,
				2E1FE91223A3BB3900C1EC60 /* PokemonViewController.swift */,
				2E1FE91823A3D6E300C1EC60 /* PokemonAPI.swift */,
				2E1FE91423A3BC3300C1EC60 /* PokemonTableViewCell.swift */,
				2E1FE91623A3C04E00C1EC60 /* PokemonModel.swift */,
				2E1FE91C23A4337600C1EC60 /* DetailViewController.swift */,
				2E8BD148239EDCDC00B8F7F3 /* AppDelegate.swift */,
				2E8BD14A239EDCDC00B8F7F3 /* SceneDelegate.swift */,
				2E8BD151239EDCDE00B8F7F3 /* Assets.xcassets */,
				2E8BD14E239EDCDC00B8F7F3 /* Main.storyboard */,
				2E8BD153239EDCDE00B8F7F3 /* LaunchScreen.storyboard */,
				2E8BD156239EDCDE00B8F7F3 /* Info.plist */,
			);
			path = ImagesLab;
			sourceTree = "<group>";
		};
		2E8BD15E239EDCDE00B8F7F3 /* ImagesLabTests */ = {
			isa = PBXGroup;
			children = (
				2E8BD15F239EDCDE00B8F7F3 /* ImagesLabTests.swift */,
				2E8BD161239EDCDE00B8F7F3 /* Info.plist */,
			);
			path = ImagesLabTests;
			sourceTree = "<group>";
		};
/* End PBXGroup section */

/* Begin PBXNativeTarget section */
		2E8BD144239EDCDC00B8F7F3 /* ImagesLab */ = {
			isa = PBXNativeTarget;
			buildConfigurationList = 2E8BD164239EDCDE00B8F7F3 /* Build configuration list for PBXNativeTarget "ImagesLab" */;
			buildPhases = (
				2E8BD141239EDCDC00B8F7F3 /* Sources */,
				2E8BD142239EDCDC00B8F7F3 /* Frameworks */,
				2E8BD143239EDCDC00B8F7F3 /* Resources */,
			);
			buildRules = (
			);
			dependencies = (
			);
			name = ImagesLab;
			productName = ImagesLab;
			productReference = 2E8BD145239EDCDC00B8F7F3 /* ImagesLab.app */;
			productType = "com.apple.product-type.application";
		};
		2E8BD15A239EDCDE00B8F7F3 /* ImagesLabTests */ = {
			isa = PBXNativeTarget;
			buildConfigurationList = 2E8BD167239EDCDE00B8F7F3 /* Build configuration list for PBXNativeTarget "ImagesLabTests" */;
			buildPhases = (
				2E8BD157239EDCDE00B8F7F3 /* Sources */,
				2E8BD158239EDCDE00B8F7F3 /* Frameworks */,
				2E8BD159239EDCDE00B8F7F3 /* Resources */,
			);
			buildRules = (
			);
			dependencies = (
				2E8BD15D239EDCDE00B8F7F3 /* PBXTargetDependency */,
			);
			name = ImagesLabTests;
			productName = ImagesLabTests;
			productReference = 2E8BD15B239EDCDE00B8F7F3 /* ImagesLabTests.xctest */;
			productType = "com.apple.product-type.bundle.unit-test";
		};
/* End PBXNativeTarget section */

/* Begin PBXProject section */
		2E8BD13D239EDCDC00B8F7F3 /* Project object */ = {
			isa = PBXProject;
			attributes = {
				LastSwiftUpdateCheck = 1120;
				LastUpgradeCheck = 1120;
				ORGANIZATIONNAME = "Tanya Burke";
				TargetAttributes = {
					2E8BD144239EDCDC00B8F7F3 = {
						CreatedOnToolsVersion = 11.2.1;
					};
					2E8BD15A239EDCDE00B8F7F3 = {
						CreatedOnToolsVersion = 11.2.1;
						TestTargetID = 2E8BD144239EDCDC00B8F7F3;
					};
				};
			};
			buildConfigurationList = 2E8BD140239EDCDC00B8F7F3 /* Build configuration list for PBXProject "ImagesLab" */;
			compatibilityVersion = "Xcode 9.3";
			developmentRegion = en;
			hasScannedForEncodings = 0;
			knownRegions = (
				en,
				Base,
			);
			mainGroup = 2E8BD13C239EDCDC00B8F7F3;
			productRefGroup = 2E8BD146239EDCDC00B8F7F3 /* Products */;
			projectDirPath = "";
			projectRoot = "";
			targets = (
				2E8BD144239EDCDC00B8F7F3 /* ImagesLab */,
				2E8BD15A239EDCDE00B8F7F3 /* ImagesLabTests */,
			);
		};
/* End PBXProject section */

/* Begin PBXResourcesBuildPhase section */
		2E8BD143239EDCDC00B8F7F3 /* Resources */ = {
			isa = PBXResourcesBuildPhase;
			buildActionMask = 2147483647;
			files = (
				2E8BD155239EDCDE00B8F7F3 /* LaunchScreen.storyboard in Resources */,
				2E8BD152239EDCDE00B8F7F3 /* Assets.xcassets in Resources */,
				2E8BD150239EDCDC00B8F7F3 /* Main.storyboard in Resources */,
			);
			runOnlyForDeploymentPostprocessing = 0;
		};
		2E8BD159239EDCDE00B8F7F3 /* Resources */ = {
			isa = PBXResourcesBuildPhase;
			buildActionMask = 2147483647;
			files = (
			);
			runOnlyForDeploymentPostprocessing = 0;
		};
/* End PBXResourcesBuildPhase section */

/* Begin PBXSourcesBuildPhase section */
		2E8BD141239EDCDC00B8F7F3 /* Sources */ = {
			isa = PBXSourcesBuildPhase;
			buildActionMask = 2147483647;
			files = (
				2ECA8043239FEFCC0039F331 /* NetworkHelper.swift in Sources */,
				2E1FE91723A3C04E00C1EC60 /* PokemonModel.swift in Sources */,
				2E8BD14D239EDCDC00B8F7F3 /* ViewController.swift in Sources */,
				2E1FE91323A3BB3900C1EC60 /* PokemonViewController.swift in Sources */,
				2EBC0B3723A04FE700F357A8 /* ComicNumberFile.swift in Sources */,
				2EBC0B3323A0470800F357A8 /* ComicAPI.swift in Sources */,
				2EE4C35823A2E80200F45912 /* ViewController + extension.swift in Sources */,
				2ECA8045239FF0090039F331 /* AppError.swift in Sources */,
				2E8BD149239EDCDC00B8F7F3 /* AppDelegate.swift in Sources */,
				2EBC0B3523A0484F00F357A8 /* ComicModel.swift in Sources */,
				2E1FE91923A3D6E300C1EC60 /* PokemonAPI.swift in Sources */,
				2E1FE91523A3BC3300C1EC60 /* PokemonTableViewCell.swift in Sources */,
				2E1FE91D23A4337600C1EC60 /* DetailViewController.swift in Sources */,
				2E8155C4239FF36F003F2126 /* UIImageView+extension.swift in Sources */,
				2E8BD14B239EDCDC00B8F7F3 /* SceneDelegate.swift in Sources */,
			);
			runOnlyForDeploymentPostprocessing = 0;
		};
		2E8BD157239EDCDE00B8F7F3 /* Sources */ = {
			isa = PBXSourcesBuildPhase;
			buildActionMask = 2147483647;
			files = (
				2E8BD160239EDCDE00B8F7F3 /* ImagesLabTests.swift in Sources */,
			);
			runOnlyForDeploymentPostprocessing = 0;
		};
/* End PBXSourcesBuildPhase section */

/* Begin PBXTargetDependency section */
		2E8BD15D239EDCDE00B8F7F3 /* PBXTargetDependency */ = {
			isa = PBXTargetDependency;
			target = 2E8BD144239EDCDC00B8F7F3 /* ImagesLab */;
			targetProxy = 2E8BD15C239EDCDE00B8F7F3 /* PBXContainerItemProxy */;
		};
/* End PBXTargetDependency section */

/* Begin PBXVariantGroup section */
		2E8BD14E239EDCDC00B8F7F3 /* Main.storyboard */ = {
			isa = PBXVariantGroup;
			children = (
				2E8BD14F239EDCDC00B8F7F3 /* Base */,
			);
			name = Main.storyboard;
			sourceTree = "<group>";
		};
		2E8BD153239EDCDE00B8F7F3 /* LaunchScreen.storyboard */ = {
			isa = PBXVariantGroup;
			children = (
				2E8BD154239EDCDE00B8F7F3 /* Base */,
			);
			name = LaunchScreen.storyboard;
			sourceTree = "<group>";
		};
/* End PBXVariantGroup section */

/* Begin XCBuildConfiguration section */
		2E8BD162239EDCDE00B8F7F3 /* Debug */ = {
			isa = XCBuildConfiguration;
			buildSettings = {
				ALWAYS_SEARCH_USER_PATHS = NO;
				CLANG_ANALYZER_NONNULL = YES;
				CLANG_ANALYZER_NUMBER_OBJECT_CONVERSION = YES_AGGRESSIVE;
				CLANG_CXX_LANGUAGE_STANDARD = "gnu++14";
				CLANG_CXX_LIBRARY = "libc++";
				CLANG_ENABLE_MODULES = YES;
				CLANG_ENABLE_OBJC_ARC = YES;
				CLANG_ENABLE_OBJC_WEAK = YES;
				CLANG_WARN_BLOCK_CAPTURE_AUTORELEASING = YES;
				CLANG_WARN_BOOL_CONVERSION = YES;
				CLANG_WARN_COMMA = YES;
				CLANG_WARN_CONSTANT_CONVERSION = YES;
				CLANG_WARN_DEPRECATED_OBJC_IMPLEMENTATIONS = YES;
				CLANG_WARN_DIRECT_OBJC_ISA_USAGE = YES_ERROR;
				CLANG_WARN_DOCUMENTATION_COMMENTS = YES;
				CLANG_WARN_EMPTY_BODY = YES;
				CLANG_WARN_ENUM_CONVERSION = YES;
				CLANG_WARN_INFINITE_RECURSION = YES;
				CLANG_WARN_INT_CONVERSION = YES;
				CLANG_WARN_NON_LITERAL_NULL_CONVERSION = YES;
				CLANG_WARN_OBJC_IMPLICIT_RETAIN_SELF = YES;
				CLANG_WARN_OBJC_LITERAL_CONVERSION = YES;
				CLANG_WARN_OBJC_ROOT_CLASS = YES_ERROR;
				CLANG_WARN_RANGE_LOOP_ANALYSIS = YES;
				CLANG_WARN_STRICT_PROTOTYPES = YES;
				CLANG_WARN_SUSPICIOUS_MOVE = YES;
				CLANG_WARN_UNGUARDED_AVAILABILITY = YES_AGGRESSIVE;
				CLANG_WARN_UNREACHABLE_CODE = YES;
				CLANG_WARN__DUPLICATE_METHOD_MATCH = YES;
				COPY_PHASE_STRIP = NO;
				DEBUG_INFORMATION_FORMAT = dwarf;
				ENABLE_STRICT_OBJC_MSGSEND = YES;
				ENABLE_TESTABILITY = YES;
				GCC_C_LANGUAGE_STANDARD = gnu11;
				GCC_DYNAMIC_NO_PIC = NO;
				GCC_NO_COMMON_BLOCKS = YES;
				GCC_OPTIMIZATION_LEVEL = 0;
				GCC_PREPROCESSOR_DEFINITIONS = (
					"DEBUG=1",
					"$(inherited)",
				);
				GCC_WARN_64_TO_32_BIT_CONVERSION = YES;
				GCC_WARN_ABOUT_RETURN_TYPE = YES_ERROR;
				GCC_WARN_UNDECLARED_SELECTOR = YES;
				GCC_WARN_UNINITIALIZED_AUTOS = YES_AGGRESSIVE;
				GCC_WARN_UNUSED_FUNCTION = YES;
				GCC_WARN_UNUSED_VARIABLE = YES;
				IPHONEOS_DEPLOYMENT_TARGET = 13.2;
				MTL_ENABLE_DEBUG_INFO = INCLUDE_SOURCE;
				MTL_FAST_MATH = YES;
				ONLY_ACTIVE_ARCH = YES;
				SDKROOT = iphoneos;
				SWIFT_ACTIVE_COMPILATION_CONDITIONS = DEBUG;
				SWIFT_OPTIMIZATION_LEVEL = "-Onone";
			};
			name = Debug;
		};
		2E8BD163239EDCDE00B8F7F3 /* Release */ = {
			isa = XCBuildConfiguration;
			buildSettings = {
				ALWAYS_SEARCH_USER_PATHS = NO;
				CLANG_ANALYZER_NONNULL = YES;
				CLANG_ANALYZER_NUMBER_OBJECT_CONVERSION = YES_AGGRESSIVE;
				CLANG_CXX_LANGUAGE_STANDARD = "gnu++14";
				CLANG_CXX_LIBRARY = "libc++";
				CLANG_ENABLE_MODULES = YES;
				CLANG_ENABLE_OBJC_ARC = YES;
				CLANG_ENABLE_OBJC_WEAK = YES;
				CLANG_WARN_BLOCK_CAPTURE_AUTORELEASING = YES;
				CLANG_WARN_BOOL_CONVERSION = YES;
				CLANG_WARN_COMMA = YES;
				CLANG_WARN_CONSTANT_CONVERSION = YES;
				CLANG_WARN_DEPRECATED_OBJC_IMPLEMENTATIONS = YES;
				CLANG_WARN_DIRECT_OBJC_ISA_USAGE = YES_ERROR;
				CLANG_WARN_DOCUMENTATION_COMMENTS = YES;
				CLANG_WARN_EMPTY_BODY = YES;
				CLANG_WARN_ENUM_CONVERSION = YES;
				CLANG_WARN_INFINITE_RECURSION = YES;
				CLANG_WARN_INT_CONVERSION = YES;
				CLANG_WARN_NON_LITERAL_NULL_CONVERSION = YES;
				CLANG_WARN_OBJC_IMPLICIT_RETAIN_SELF = YES;
				CLANG_WARN_OBJC_LITERAL_CONVERSION = YES;
				CLANG_WARN_OBJC_ROOT_CLASS = YES_ERROR;
				CLANG_WARN_RANGE_LOOP_ANALYSIS = YES;
				CLANG_WARN_STRICT_PROTOTYPES = YES;
				CLANG_WARN_SUSPICIOUS_MOVE = YES;
				CLANG_WARN_UNGUARDED_AVAILABILITY = YES_AGGRESSIVE;
				CLANG_WARN_UNREACHABLE_CODE = YES;
				CLANG_WARN__DUPLICATE_METHOD_MATCH = YES;
				COPY_PHASE_STRIP = NO;
				DEBUG_INFORMATION_FORMAT = "dwarf-with-dsym";
				ENABLE_NS_ASSERTIONS = NO;
				ENABLE_STRICT_OBJC_MSGSEND = YES;
				GCC_C_LANGUAGE_STANDARD = gnu11;
				GCC_NO_COMMON_BLOCKS = YES;
				GCC_WARN_64_TO_32_BIT_CONVERSION = YES;
				GCC_WARN_ABOUT_RETURN_TYPE = YES_ERROR;
				GCC_WARN_UNDECLARED_SELECTOR = YES;
				GCC_WARN_UNINITIALIZED_AUTOS = YES_AGGRESSIVE;
				GCC_WARN_UNUSED_FUNCTION = YES;
				GCC_WARN_UNUSED_VARIABLE = YES;
				IPHONEOS_DEPLOYMENT_TARGET = 13.2;
				MTL_ENABLE_DEBUG_INFO = NO;
				MTL_FAST_MATH = YES;
				SDKROOT = iphoneos;
				SWIFT_COMPILATION_MODE = wholemodule;
				SWIFT_OPTIMIZATION_LEVEL = "-O";
				VALIDATE_PRODUCT = YES;
			};
			name = Release;
		};
		2E8BD165239EDCDE00B8F7F3 /* Debug */ = {
			isa = XCBuildConfiguration;
			buildSettings = {
				ASSETCATALOG_COMPILER_APPICON_NAME = AppIcon;
				CODE_SIGN_STYLE = Automatic;
				DEVELOPMENT_TEAM = 2B2JQYS6HR;
				INFOPLIST_FILE = ImagesLab/Info.plist;
				LD_RUNPATH_SEARCH_PATHS = (
					"$(inherited)",
					"@executable_path/Frameworks",
				);
				PRODUCT_BUNDLE_IDENTIFIER = Pursuit.ImagesLab;
				PRODUCT_NAME = "$(TARGET_NAME)";
				SWIFT_VERSION = 5.0;
				TARGETED_DEVICE_FAMILY = "1,2";
			};
			name = Debug;
		};
		2E8BD166239EDCDE00B8F7F3 /* Release */ = {
			isa = XCBuildConfiguration;
			buildSettings = {
				ASSETCATALOG_COMPILER_APPICON_NAME = AppIcon;
				CODE_SIGN_STYLE = Automatic;
				DEVELOPMENT_TEAM = 2B2JQYS6HR;
				INFOPLIST_FILE = ImagesLab/Info.plist;
				LD_RUNPATH_SEARCH_PATHS = (
					"$(inherited)",
					"@executable_path/Frameworks",
				);
				PRODUCT_BUNDLE_IDENTIFIER = Pursuit.ImagesLab;
				PRODUCT_NAME = "$(TARGET_NAME)";
				SWIFT_VERSION = 5.0;
				TARGETED_DEVICE_FAMILY = "1,2";
			};
			name = Release;
		};
		2E8BD168239EDCDE00B8F7F3 /* Debug */ = {
			isa = XCBuildConfiguration;
			buildSettings = {
				ALWAYS_EMBED_SWIFT_STANDARD_LIBRARIES = YES;
				BUNDLE_LOADER = "$(TEST_HOST)";
				CODE_SIGN_STYLE = Automatic;
				DEVELOPMENT_TEAM = 2B2JQYS6HR;
				INFOPLIST_FILE = ImagesLabTests/Info.plist;
				IPHONEOS_DEPLOYMENT_TARGET = 13.2;
				LD_RUNPATH_SEARCH_PATHS = (
					"$(inherited)",
					"@executable_path/Frameworks",
					"@loader_path/Frameworks",
				);
				PRODUCT_BUNDLE_IDENTIFIER = Pursuit.ImagesLabTests;
				PRODUCT_NAME = "$(TARGET_NAME)";
				SWIFT_VERSION = 5.0;
				TARGETED_DEVICE_FAMILY = "1,2";
				TEST_HOST = "$(BUILT_PRODUCTS_DIR)/ImagesLab.app/ImagesLab";
			};
			name = Debug;
		};
		2E8BD169239EDCDE00B8F7F3 /* Release */ = {
			isa = XCBuildConfiguration;
			buildSettings = {
				ALWAYS_EMBED_SWIFT_STANDARD_LIBRARIES = YES;
				BUNDLE_LOADER = "$(TEST_HOST)";
				CODE_SIGN_STYLE = Automatic;
				DEVELOPMENT_TEAM = 2B2JQYS6HR;
				INFOPLIST_FILE = ImagesLabTests/Info.plist;
				IPHONEOS_DEPLOYMENT_TARGET = 13.2;
				LD_RUNPATH_SEARCH_PATHS = (
					"$(inherited)",
					"@executable_path/Frameworks",
					"@loader_path/Frameworks",
				);
				PRODUCT_BUNDLE_IDENTIFIER = Pursuit.ImagesLabTests;
				PRODUCT_NAME = "$(TARGET_NAME)";
				SWIFT_VERSION = 5.0;
				TARGETED_DEVICE_FAMILY = "1,2";
				TEST_HOST = "$(BUILT_PRODUCTS_DIR)/ImagesLab.app/ImagesLab";
			};
			name = Release;
		};
/* End XCBuildConfiguration section */

/* Begin XCConfigurationList section */
		2E8BD140239EDCDC00B8F7F3 /* Build configuration list for PBXProject "ImagesLab" */ = {
			isa = XCConfigurationList;
			buildConfigurations = (
				2E8BD162239EDCDE00B8F7F3 /* Debug */,
				2E8BD163239EDCDE00B8F7F3 /* Release */,
			);
			defaultConfigurationIsVisible = 0;
			defaultConfigurationName = Release;
		};
		2E8BD164239EDCDE00B8F7F3 /* Build configuration list for PBXNativeTarget "ImagesLab" */ = {
			isa = XCConfigurationList;
			buildConfigurations = (
				2E8BD165239EDCDE00B8F7F3 /* Debug */,
				2E8BD166239EDCDE00B8F7F3 /* Release */,
			);
			defaultConfigurationIsVisible = 0;
			defaultConfigurationName = Release;
		};
		2E8BD167239EDCDE00B8F7F3 /* Build configuration list for PBXNativeTarget "ImagesLabTests" */ = {
			isa = XCConfigurationList;
			buildConfigurations = (
				2E8BD168239EDCDE00B8F7F3 /* Debug */,
				2E8BD169239EDCDE00B8F7F3 /* Release */,
			);
			defaultConfigurationIsVisible = 0;
			defaultConfigurationName = Release;
		};
/* End XCConfigurationList section */
	};
	rootObject = 2E8BD13D239EDCDC00B8F7F3 /* Project object */;
}
